
Microsoft Visual Studio Solution File, Format Version 12.00
# Visual Studio 14
VisualStudioVersion = 14.0.25420.1
MinimumVisualStudioVersion = 10.0.40219.1
Project("{FAE04EC0-301F-11D3-BF4B-00C04F79EFBC}") = "WindowsMetrics", "WindowsMetrics\WindowsMetrics.csproj", "{385A023A-208D-4835-9F11-D999DD446BCC}"
EndProject
Project("{FAE04EC0-301F-11D3-BF4B-00C04F79EFBC}") = "TestConsoleApplication", "TestConsoleApplication\TestConsoleApplication.csproj", "{2D4FF802-0000-493D-8183-A753AC0FC180}"
EndProject
Project("{FAE04EC0-301F-11D3-BF4B-00C04F79EFBC}") = "TestWindowsFormsApplication", "TestWindowsFormsApplication\TestWindowsFormsApplication.csproj", "{FD2F1D79-19AB-4035-B58C-A6F655A48220}"
EndProject
Project("{FAE04EC0-301F-11D3-BF4B-00C04F79EFBC}") = "Transmission", "Transmission\Transmission.csproj", "{7460EEAB-4961-4074-AC0B-4A68E40B5481}"
EndProject
Project("{FAE04EC0-301F-11D3-BF4B-00C04F79EFBC}") = "CommonModels", "CommonModels\CommonModels.csproj", "{2C91156D-5A75-475A-8BB6-744CB0780B82}"
EndProject
Project("{FAE04EC0-301F-11D3-BF4B-00C04F79EFBC}") = "MetricsProcessing", "MetricsProcessing\MetricsProcessing.csproj", "{41FC4119-FBFB-4A21-B38F-2310FEFF0662}"
EndProject
Project("{54435603-DBB4-11D2-8724-00A0C9A8B90C}") = "TestInstaller", "TestInstaller\TestInstaller.vdproj", "{897149A9-167B-4E00-A202-3C86D4E0B254}"
EndProject
Project("{FAE04EC0-301F-11D3-BF4B-00C04F79EFBC}") = "MetricsCollector", "MetricsCollector\MetricsCollector.csproj", "{A558F40E-19AB-44F3-B080-79C0C0177B6B}"
EndProject
Project("{54435603-DBB4-11D2-8724-00A0C9A8B90C}") = "MetricsCollectionService", "MetricsCollectionService\MetricsCollectionService.vdproj", "{2CB2EC2B-C18B-4DC4-AA69-640F27C5BCD7}"
EndProject
Project("{FAE04EC0-301F-11D3-BF4B-00C04F79EFBC}") = "MetricsSenderApplication", "MetricsSenderApplication\MetricsSenderApplication.csproj", "{2482E255-6FD1-49B4-A717-606D4D4C0F3A}"
EndProject
Project("{FAE04EC0-301F-11D3-BF4B-00C04F79EFBC}") = "MetricsCollectorApplication", "MetricsCollectorApplication\MetricsCollectorApplication.csproj", "{57BA9128-E93F-41A4-B68A-3C63ECF6B092}"
EndProject
Project("{54435603-DBB4-11D2-8724-00A0C9A8B90C}") = "MetricsCollectionSystem", "MetricsCollectionSystem\MetricsCollectionSystem.vdproj", "{01B5907F-FC5B-4183-9E99-16AB554FDD69}"
EndProject
Project("{FAE04EC0-301F-11D3-BF4B-00C04F79EFBC}") = "Update", "Update\Update.csproj", "{3548C947-CA84-494F-BAFA-7F38DC5D9D0F}"
EndProject
Project("{2150E333-8FDC-42A3-9474-1A3956D46DE8}") = "Testing", "Testing", "{2BB386AD-B356-4936-B377-3A08B4AD67A0}"
EndProject
Project("{FAE04EC0-301F-11D3-BF4B-00C04F79EFBC}") = "CommonModelsTest", "CommonModelsTest\CommonModelsTest.csproj", "{B6886EAA-1EB2-458A-8880-66F2434C7C07}"
EndProject
Project("{FAE04EC0-301F-11D3-BF4B-00C04F79EFBC}") = "WindowsMetricsTest", "WindowsMetricsTest\WindowsMetricsTest.csproj", "{F7F247F5-5B38-49D8-B451-898605B59105}"
EndProject
Project("{FAE04EC0-301F-11D3-BF4B-00C04F79EFBC}") = "MetricsCollectorApplicationTest", "MetricsCollectorApplicationTest\MetricsCollectorApplicationTest.csproj", "{3B8B3BE2-41F1-4335-8F54-C3F70F37F5C5}"
EndProject
Project("{FAE04EC0-301F-11D3-BF4B-00C04F79EFBC}") = "TransmissionTest", "TransmissionTest\TransmissionTest.csproj", "{AD54816C-1071-473A-AAC3-B2DD699B1C58}"
EndProject
Project("{2150E333-8FDC-42A3-9474-1A3956D46DE8}") = "Unused", "Unused", "{3D55A8C2-FE9F-40FC-BE85-D46230B68ED9}"
EndProject
Project("{FAE04EC0-301F-11D3-BF4B-00C04F79EFBC}") = "MetricsSenderApplicationTest", "MetricsSenderApplicationTest\MetricsSenderApplicationTest.csproj", "{BFA4E1F0-88F3-4579-A5C8-913D84C07D33}"
EndProject
Project("{FAE04EC0-301F-11D3-BF4B-00C04F79EFBC}") = "MetricsProcessingTest", "MetricsProcessingTest\MetricsProcessingTest.csproj", "{D387D3E8-E82B-4090-808E-6BC52ED8522D}"
EndProject
Project("{2150E333-8FDC-42A3-9474-1A3956D46DE8}") = "Solution Items", "Solution Items", "{F68A1175-BFF3-4C9D-B87B-718E0720A69F}"
	ProjectSection(SolutionItems) = preProject
		circle-outline-xxl (1).ico = circle-outline-xxl (1).ico
		circle-outline-xxl.ico = circle-outline-xxl.ico
		circle-outline-xxl.png = circle-outline-xxl.png
		ReadMe.txt = ReadMe.txt
	EndProjectSection
EndProject
Global
	GlobalSection(SolutionConfigurationPlatforms) = preSolution
		Debug|Any CPU = Debug|Any CPU
		Release|Any CPU = Release|Any CPU
	EndGlobalSection
	GlobalSection(ProjectConfigurationPlatforms) = postSolution
		{385A023A-208D-4835-9F11-D999DD446BCC}.Debug|Any CPU.ActiveCfg = Debug|Any CPU
		{385A023A-208D-4835-9F11-D999DD446BCC}.Debug|Any CPU.Build.0 = Debug|Any CPU
		{385A023A-208D-4835-9F11-D999DD446BCC}.Release|Any CPU.ActiveCfg = Release|Any CPU
		{385A023A-208D-4835-9F11-D999DD446BCC}.Release|Any CPU.Build.0 = Release|Any CPU
		{2D4FF802-0000-493D-8183-A753AC0FC180}.Debug|Any CPU.ActiveCfg = Debug|Any CPU
		{2D4FF802-0000-493D-8183-A753AC0FC180}.Debug|Any CPU.Build.0 = Debug|Any CPU
		{2D4FF802-0000-493D-8183-A753AC0FC180}.Release|Any CPU.ActiveCfg = Release|Any CPU
		{2D4FF802-0000-493D-8183-A753AC0FC180}.Release|Any CPU.Build.0 = Release|Any CPU
		{FD2F1D79-19AB-4035-B58C-A6F655A48220}.Debug|Any CPU.ActiveCfg = Debug|Any CPU
		{FD2F1D79-19AB-4035-B58C-A6F655A48220}.Debug|Any CPU.Build.0 = Debug|Any CPU
		{FD2F1D79-19AB-4035-B58C-A6F655A48220}.Release|Any CPU.ActiveCfg = Release|Any CPU
		{FD2F1D79-19AB-4035-B58C-A6F655A48220}.Release|Any CPU.Build.0 = Release|Any CPU
		{7460EEAB-4961-4074-AC0B-4A68E40B5481}.Debug|Any CPU.ActiveCfg = Debug|Any CPU
		{7460EEAB-4961-4074-AC0B-4A68E40B5481}.Debug|Any CPU.Build.0 = Debug|Any CPU
		{7460EEAB-4961-4074-AC0B-4A68E40B5481}.Release|Any CPU.ActiveCfg = Release|Any CPU
		{7460EEAB-4961-4074-AC0B-4A68E40B5481}.Release|Any CPU.Build.0 = Release|Any CPU
		{2C91156D-5A75-475A-8BB6-744CB0780B82}.Debug|Any CPU.ActiveCfg = Debug|Any CPU
		{2C91156D-5A75-475A-8BB6-744CB0780B82}.Debug|Any CPU.Build.0 = Debug|Any CPU
		{2C91156D-5A75-475A-8BB6-744CB0780B82}.Release|Any CPU.ActiveCfg = Release|Any CPU
		{2C91156D-5A75-475A-8BB6-744CB0780B82}.Release|Any CPU.Build.0 = Release|Any CPU
		{41FC4119-FBFB-4A21-B38F-2310FEFF0662}.Debug|Any CPU.ActiveCfg = Debug|Any CPU
		{41FC4119-FBFB-4A21-B38F-2310FEFF0662}.Debug|Any CPU.Build.0 = Debug|Any CPU
		{41FC4119-FBFB-4A21-B38F-2310FEFF0662}.Release|Any CPU.ActiveCfg = Release|Any CPU
		{41FC4119-FBFB-4A21-B38F-2310FEFF0662}.Release|Any CPU.Build.0 = Release|Any CPU
		{897149A9-167B-4E00-A202-3C86D4E0B254}.Debug|Any CPU.ActiveCfg = Debug
		{897149A9-167B-4E00-A202-3C86D4E0B254}.Release|Any CPU.ActiveCfg = Release
		{A558F40E-19AB-44F3-B080-79C0C0177B6B}.Debug|Any CPU.ActiveCfg = Debug|Any CPU
		{A558F40E-19AB-44F3-B080-79C0C0177B6B}.Debug|Any CPU.Build.0 = Debug|Any CPU
		{A558F40E-19AB-44F3-B080-79C0C0177B6B}.Release|Any CPU.ActiveCfg = Release|Any CPU
		{A558F40E-19AB-44F3-B080-79C0C0177B6B}.Release|Any CPU.Build.0 = Release|Any CPU
		{2CB2EC2B-C18B-4DC4-AA69-640F27C5BCD7}.Debug|Any CPU.ActiveCfg = Debug
		{2CB2EC2B-C18B-4DC4-AA69-640F27C5BCD7}.Release|Any CPU.ActiveCfg = Release
		{2482E255-6FD1-49B4-A717-606D4D4C0F3A}.Debug|Any CPU.ActiveCfg = Debug|Any CPU
		{2482E255-6FD1-49B4-A717-606D4D4C0F3A}.Debug|Any CPU.Build.0 = Debug|Any CPU
		{2482E255-6FD1-49B4-A717-606D4D4C0F3A}.Release|Any CPU.ActiveCfg = Release|Any CPU
		{2482E255-6FD1-49B4-A717-606D4D4C0F3A}.Release|Any CPU.Build.0 = Release|Any CPU
		{57BA9128-E93F-41A4-B68A-3C63ECF6B092}.Debug|Any CPU.ActiveCfg = Debug|Any CPU
		{57BA9128-E93F-41A4-B68A-3C63ECF6B092}.Debug|Any CPU.Build.0 = Debug|Any CPU
		{57BA9128-E93F-41A4-B68A-3C63ECF6B092}.Release|Any CPU.ActiveCfg = Release|Any CPU
		{57BA9128-E93F-41A4-B68A-3C63ECF6B092}.Release|Any CPU.Build.0 = Release|Any CPU
		{01B5907F-FC5B-4183-9E99-16AB554FDD69}.Debug|Any CPU.ActiveCfg = Debug
		{01B5907F-FC5B-4183-9E99-16AB554FDD69}.Release|Any CPU.ActiveCfg = Release
		{3548C947-CA84-494F-BAFA-7F38DC5D9D0F}.Debug|Any CPU.ActiveCfg = Debug|Any CPU
		{3548C947-CA84-494F-BAFA-7F38DC5D9D0F}.Debug|Any CPU.Build.0 = Debug|Any CPU
		{3548C947-CA84-494F-BAFA-7F38DC5D9D0F}.Release|Any CPU.ActiveCfg = Release|Any CPU
		{3548C947-CA84-494F-BAFA-7F38DC5D9D0F}.Release|Any CPU.Build.0 = Release|Any CPU
		{B6886EAA-1EB2-458A-8880-66F2434C7C07}.Debug|Any CPU.ActiveCfg = Debug|Any CPU
		{B6886EAA-1EB2-458A-8880-66F2434C7C07}.Debug|Any CPU.Build.0 = Debug|Any CPU
		{B6886EAA-1EB2-458A-8880-66F2434C7C07}.Release|Any CPU.ActiveCfg = Release|Any CPU
		{B6886EAA-1EB2-458A-8880-66F2434C7C07}.Release|Any CPU.Build.0 = Release|Any CPU
		{F7F247F5-5B38-49D8-B451-898605B59105}.Debug|Any CPU.ActiveCfg = Debug|Any CPU
		{F7F247F5-5B38-49D8-B451-898605B59105}.Debug|Any CPU.Build.0 = Debug|Any CPU
		{F7F247F5-5B38-49D8-B451-898605B59105}.Release|Any CPU.ActiveCfg = Release|Any CPU
		{F7F247F5-5B38-49D8-B451-898605B59105}.Release|Any CPU.Build.0 = Release|Any CPU
		{3B8B3BE2-41F1-4335-8F54-C3F70F37F5C5}.Debug|Any CPU.ActiveCfg = Debug|Any CPU
		{3B8B3BE2-41F1-4335-8F54-C3F70F37F5C5}.Debug|Any CPU.Build.0 = Debug|Any CPU
		{3B8B3BE2-41F1-4335-8F54-C3F70F37F5C5}.Release|Any CPU.ActiveCfg = Release|Any CPU
		{3B8B3BE2-41F1-4335-8F54-C3F70F37F5C5}.Release|Any CPU.Build.0 = Release|Any CPU
		{AD54816C-1071-473A-AAC3-B2DD699B1C58}.Debug|Any CPU.ActiveCfg = Debug|Any CPU
		{AD54816C-1071-473A-AAC3-B2DD699B1C58}.Debug|Any CPU.Build.0 = Debug|Any CPU
		{AD54816C-1071-473A-AAC3-B2DD699B1C58}.Release|Any CPU.ActiveCfg = Release|Any CPU
		{AD54816C-1071-473A-AAC3-B2DD699B1C58}.Release|Any CPU.Build.0 = Release|Any CPU
		{BFA4E1F0-88F3-4579-A5C8-913D84C07D33}.Debug|Any CPU.ActiveCfg = Debug|Any CPU
		{BFA4E1F0-88F3-4579-A5C8-913D84C07D33}.Debug|Any CPU.Build.0 = Debug|Any CPU
		{BFA4E1F0-88F3-4579-A5C8-913D84C07D33}.Release|Any CPU.ActiveCfg = Release|Any CPU
		{BFA4E1F0-88F3-4579-A5C8-913D84C07D33}.Release|Any CPU.Build.0 = Release|Any CPU
		{D387D3E8-E82B-4090-808E-6BC52ED8522D}.Debug|Any CPU.ActiveCfg = Debug|Any CPU
		{D387D3E8-E82B-4090-808E-6BC52ED8522D}.Debug|Any CPU.Build.0 = Debug|Any CPU
		{D387D3E8-E82B-4090-808E-6BC52ED8522D}.Release|Any CPU.ActiveCfg = Release|Any CPU
		{D387D3E8-E82B-4090-808E-6BC52ED8522D}.Release|Any CPU.Build.0 = Release|Any CPU
	EndGlobalSection
	GlobalSection(SolutionProperties) = preSolution
		HideSolutionNode = FALSE
	EndGlobalSection
	GlobalSection(NestedProjects) = preSolution
		{2D4FF802-0000-493D-8183-A753AC0FC180} = {3D55A8C2-FE9F-40FC-BE85-D46230B68ED9}
		{FD2F1D79-19AB-4035-B58C-A6F655A48220} = {3D55A8C2-FE9F-40FC-BE85-D46230B68ED9}
		{897149A9-167B-4E00-A202-3C86D4E0B254} = {3D55A8C2-FE9F-40FC-BE85-D46230B68ED9}
		{A558F40E-19AB-44F3-B080-79C0C0177B6B} = {3D55A8C2-FE9F-40FC-BE85-D46230B68ED9}
		{2CB2EC2B-C18B-4DC4-AA69-640F27C5BCD7} = {3D55A8C2-FE9F-40FC-BE85-D46230B68ED9}
		{B6886EAA-1EB2-458A-8880-66F2434C7C07} = {2BB386AD-B356-4936-B377-3A08B4AD67A0}
		{F7F247F5-5B38-49D8-B451-898605B59105} = {2BB386AD-B356-4936-B377-3A08B4AD67A0}
		{3B8B3BE2-41F1-4335-8F54-C3F70F37F5C5} = {2BB386AD-B356-4936-B377-3A08B4AD67A0}
		{AD54816C-1071-473A-AAC3-B2DD699B1C58} = {2BB386AD-B356-4936-B377-3A08B4AD67A0}
		{BFA4E1F0-88F3-4579-A5C8-913D84C07D33} = {2BB386AD-B356-4936-B377-3A08B4AD67A0}
		{D387D3E8-E82B-4090-808E-6BC52ED8522D} = {2BB386AD-B356-4936-B377-3A08B4AD67A0}
	EndGlobalSection
EndGlobal
