
Microsoft Visual Studio Solution File, Format Version 12.00
# Visual Studio 14
VisualStudioVersion = 14.0.25420.1
MinimumVisualStudioVersion = 10.0.40219.1
Project("{FAE04EC0-301F-11D3-BF4B-00C04F79EFBC}") = "WindowsMetrics", "WindowsMetrics\WindowsMetrics.csproj", "{385A023A-208D-4835-9F11-D999DD446BCC}"
EndProject
Project("{FAE04EC0-301F-11D3-BF4B-00C04F79EFBC}") = "TestConsoleApplication", "TestConsoleApplication\TestConsoleApplication.csproj", "{2D4FF802-0000-493D-8183-A753AC0FC180}"
EndProject
Project("{FAE04EC0-301F-11D3-BF4B-00C04F79EFBC}") = "TestWindowsFormsApplication", "TestWindowsFormsApplication\TestWindowsFormsApplication.csproj", "{FD2F1D79-19AB-4035-B58C-A6F655A48220}"
EndProject
Project("{FAE04EC0-301F-11D3-BF4B-00C04F79EFBC}") = "Transmission", "Transmission\Transmission.csproj", "{7460EEAB-4961-4074-AC0B-4A68E40B5481}"
EndProject
Project("{FAE04EC0-301F-11D3-BF4B-00C04F79EFBC}") = "CommonModels", "CommonModels\CommonModels.csproj", "{2C91156D-5A75-475A-8BB6-744CB0780B82}"
EndProject
Project("{FAE04EC0-301F-11D3-BF4B-00C04F79EFBC}") = "MetricsProcessing", "MetricsProcessing\MetricsProcessing.csproj", "{41FC4119-FBFB-4A21-B38F-2310FEFF0662}"
EndProject
Project("{54435603-DBB4-11D2-8724-00A0C9A8B90C}") = "TestInstaller", "TestInstaller\TestInstaller.vdproj", "{897149A9-167B-4E00-A202-3C86D4E0B254}"
EndProject
Project("{FAE04EC0-301F-11D3-BF4B-00C04F79EFBC}") = "MetricsCollector", "MetricsCollector\MetricsCollector.csproj", "{A558F40E-19AB-44F3-B080-79C0C0177B6B}"
EndProject
Project("{54435603-DBB4-11D2-8724-00A0C9A8B90C}") = "MetricsCollectionService", "MetricsCollectionService\MetricsCollectionService.vdproj", "{2CB2EC2B-C18B-4DC4-AA69-640F27C5BCD7}"
EndProject
Project("{FAE04EC0-301F-11D3-BF4B-00C04F79EFBC}") = "MetricsSenderApplication", "MetricsSenderApplication\MetricsSenderApplication.csproj", "{2482E255-6FD1-49B4-A717-606D4D4C0F3A}"
EndProject
Project("{FAE04EC0-301F-11D3-BF4B-00C04F79EFBC}") = "MetricsProcessingStraight", "MetricsProcessingStraight\MetricsProcessingStraight.csproj", "{9173B3D3-54DA-474E-8497-2092FB759750}"
EndProject
Project("{FAE04EC0-301F-11D3-BF4B-00C04F79EFBC}") = "MetricsCollectorApplication", "MetricsCollectorApplication\MetricsCollectorApplication.csproj", "{57BA9128-E93F-41A4-B68A-3C63ECF6B092}"
EndProject
Global
	GlobalSection(SolutionConfigurationPlatforms) = preSolution
		Debug|Any CPU = Debug|Any CPU
		Release|Any CPU = Release|Any CPU
	EndGlobalSection
	GlobalSection(ProjectConfigurationPlatforms) = postSolution
		{385A023A-208D-4835-9F11-D999DD446BCC}.Debug|Any CPU.ActiveCfg = Debug|Any CPU
		{385A023A-208D-4835-9F11-D999DD446BCC}.Debug|Any CPU.Build.0 = Debug|Any CPU
		{385A023A-208D-4835-9F11-D999DD446BCC}.Release|Any CPU.ActiveCfg = Release|Any CPU
		{385A023A-208D-4835-9F11-D999DD446BCC}.Release|Any CPU.Build.0 = Release|Any CPU
		{2D4FF802-0000-493D-8183-A753AC0FC180}.Debug|Any CPU.ActiveCfg = Debug|Any CPU
		{2D4FF802-0000-493D-8183-A753AC0FC180}.Debug|Any CPU.Build.0 = Debug|Any CPU
		{2D4FF802-0000-493D-8183-A753AC0FC180}.Release|Any CPU.ActiveCfg = Release|Any CPU
		{2D4FF802-0000-493D-8183-A753AC0FC180}.Release|Any CPU.Build.0 = Release|Any CPU
		{FD2F1D79-19AB-4035-B58C-A6F655A48220}.Debug|Any CPU.ActiveCfg = Debug|Any CPU
		{FD2F1D79-19AB-4035-B58C-A6F655A48220}.Debug|Any CPU.Build.0 = Debug|Any CPU
		{FD2F1D79-19AB-4035-B58C-A6F655A48220}.Release|Any CPU.ActiveCfg = Release|Any CPU
		{FD2F1D79-19AB-4035-B58C-A6F655A48220}.Release|Any CPU.Build.0 = Release|Any CPU
		{7460EEAB-4961-4074-AC0B-4A68E40B5481}.Debug|Any CPU.ActiveCfg = Debug|Any CPU
		{7460EEAB-4961-4074-AC0B-4A68E40B5481}.Debug|Any CPU.Build.0 = Debug|Any CPU
		{7460EEAB-4961-4074-AC0B-4A68E40B5481}.Release|Any CPU.ActiveCfg = Release|Any CPU
		{7460EEAB-4961-4074-AC0B-4A68E40B5481}.Release|Any CPU.Build.0 = Release|Any CPU
		{2C91156D-5A75-475A-8BB6-744CB0780B82}.Debug|Any CPU.ActiveCfg = Debug|Any CPU
		{2C91156D-5A75-475A-8BB6-744CB0780B82}.Debug|Any CPU.Build.0 = Debug|Any CPU
		{2C91156D-5A75-475A-8BB6-744CB0780B82}.Release|Any CPU.ActiveCfg = Release|Any CPU
		{2C91156D-5A75-475A-8BB6-744CB0780B82}.Release|Any CPU.Build.0 = Release|Any CPU
		{41FC4119-FBFB-4A21-B38F-2310FEFF0662}.Debug|Any CPU.ActiveCfg = Debug|Any CPU
		{41FC4119-FBFB-4A21-B38F-2310FEFF0662}.Debug|Any CPU.Build.0 = Debug|Any CPU
		{41FC4119-FBFB-4A21-B38F-2310FEFF0662}.Release|Any CPU.ActiveCfg = Release|Any CPU
		{41FC4119-FBFB-4A21-B38F-2310FEFF0662}.Release|Any CPU.Build.0 = Release|Any CPU
		{897149A9-167B-4E00-A202-3C86D4E0B254}.Debug|Any CPU.ActiveCfg = Debug
		{897149A9-167B-4E00-A202-3C86D4E0B254}.Release|Any CPU.ActiveCfg = Release
		{A558F40E-19AB-44F3-B080-79C0C0177B6B}.Debug|Any CPU.ActiveCfg = Debug|Any CPU
		{A558F40E-19AB-44F3-B080-79C0C0177B6B}.Debug|Any CPU.Build.0 = Debug|Any CPU
		{A558F40E-19AB-44F3-B080-79C0C0177B6B}.Release|Any CPU.ActiveCfg = Release|Any CPU
		{A558F40E-19AB-44F3-B080-79C0C0177B6B}.Release|Any CPU.Build.0 = Release|Any CPU
		{2CB2EC2B-C18B-4DC4-AA69-640F27C5BCD7}.Debug|Any CPU.ActiveCfg = Debug
		{2CB2EC2B-C18B-4DC4-AA69-640F27C5BCD7}.Release|Any CPU.ActiveCfg = Release
		{2482E255-6FD1-49B4-A717-606D4D4C0F3A}.Debug|Any CPU.ActiveCfg = Debug|Any CPU
		{2482E255-6FD1-49B4-A717-606D4D4C0F3A}.Debug|Any CPU.Build.0 = Debug|Any CPU
		{2482E255-6FD1-49B4-A717-606D4D4C0F3A}.Release|Any CPU.ActiveCfg = Release|Any CPU
		{2482E255-6FD1-49B4-A717-606D4D4C0F3A}.Release|Any CPU.Build.0 = Release|Any CPU
		{9173B3D3-54DA-474E-8497-2092FB759750}.Debug|Any CPU.ActiveCfg = Debug|Any CPU
		{9173B3D3-54DA-474E-8497-2092FB759750}.Debug|Any CPU.Build.0 = Debug|Any CPU
		{9173B3D3-54DA-474E-8497-2092FB759750}.Release|Any CPU.ActiveCfg = Release|Any CPU
		{9173B3D3-54DA-474E-8497-2092FB759750}.Release|Any CPU.Build.0 = Release|Any CPU
		{57BA9128-E93F-41A4-B68A-3C63ECF6B092}.Debug|Any CPU.ActiveCfg = Debug|Any CPU
		{57BA9128-E93F-41A4-B68A-3C63ECF6B092}.Debug|Any CPU.Build.0 = Debug|Any CPU
		{57BA9128-E93F-41A4-B68A-3C63ECF6B092}.Release|Any CPU.ActiveCfg = Release|Any CPU
		{57BA9128-E93F-41A4-B68A-3C63ECF6B092}.Release|Any CPU.Build.0 = Release|Any CPU
	EndGlobalSection
	GlobalSection(SolutionProperties) = preSolution
		HideSolutionNode = FALSE
	EndGlobalSection
EndGlobal
